<?xml version="1.0" encoding="utf-8"?>
<Project ToolsVersion="4.0" xmlns="http://schemas.microsoft.com/developer/msbuild/2003">
  <ItemGroup>
    <FxCompile Include="HLSL\DebugPS.hlsl">
      <Filter>HLSL</Filter>
    </FxCompile>
    <FxCompile Include="HLSL\DebugVS.hlsl">
      <Filter>HLSL</Filter>
    </FxCompile>
    <FxCompile Include="HLSL\ImGuiPS.hlsl">
      <Filter>HLSL</Filter>
    </FxCompile>
    <FxCompile Include="HLSL\ImGuiVS.hlsl">
      <Filter>HLSL</Filter>
    </FxCompile>
    <FxCompile Include="HLSL\LambertPS.hlsl">
      <Filter>HLSL</Filter>
    </FxCompile>
    <FxCompile Include="HLSL\LambertVS.hlsl">
      <Filter>HLSL</Filter>
    </FxCompile>
    <FxCompile Include="HLSL\LinePS.hlsl">
      <Filter>HLSL</Filter>
    </FxCompile>
    <FxCompile Include="HLSL\LineVS.hlsl">
      <Filter>HLSL</Filter>
    </FxCompile>
    <FxCompile Include="HLSL\SpritePS.hlsl">
      <Filter>HLSL</Filter>
    </FxCompile>
    <FxCompile Include="HLSL\SpriteVS.hlsl">
      <Filter>HLSL</Filter>
    </FxCompile>
  </ItemGroup>
  <ItemGroup>
    <ClCompile Include="External\imgui\imgui.cpp">
      <Filter>Extemal\imgui-docking</Filter>
    </ClCompile>
    <ClCompile Include="External\imgui\imgui_demo.cpp">
      <Filter>Extemal\imgui-docking</Filter>
    </ClCompile>
    <ClCompile Include="External\imgui\imgui_draw.cpp">
      <Filter>Extemal\imgui-docking</Filter>
    </ClCompile>
    <ClCompile Include="External\imgui\imgui_widgets.cpp">
      <Filter>Extemal\imgui-docking</Filter>
    </ClCompile>
    <ClCompile Include="External\DirectXTex\WICTextureLoader.cpp">
      <Filter>Extemal\DirectXTex</Filter>
    </ClCompile>
    <ClCompile Include="Source\Audio\Audio.cpp">
      <Filter>Source\Audio</Filter>
    </ClCompile>
    <ClCompile Include="Source\Audio\AudioResource.cpp">
      <Filter>Source\Audio</Filter>
    </ClCompile>
    <ClCompile Include="Source\Audio\AudioSource.cpp">
      <Filter>Source\Audio</Filter>
    </ClCompile>
    <ClCompile Include="Source\Graphics\DebugRenderer.cpp">
      <Filter>Source\Graphics</Filter>
    </ClCompile>
    <ClCompile Include="Source\Graphics\Graphics.cpp">
      <Filter>Source\Graphics</Filter>
    </ClCompile>
    <ClCompile Include="Source\Graphics\ImGuiRenderer.cpp">
      <Filter>Source\Graphics</Filter>
    </ClCompile>
    <ClCompile Include="Source\Graphics\LambertShader.cpp">
      <Filter>Source\Graphics</Filter>
    </ClCompile>
    <ClCompile Include="Source\Graphics\LineRenderer.cpp">
      <Filter>Source\Graphics</Filter>
    </ClCompile>
    <ClCompile Include="Source\Graphics\Model.cpp">
      <Filter>Source\Graphics</Filter>
    </ClCompile>
    <ClCompile Include="Source\Graphics\ModelManager.cpp">
      <Filter>Source\Graphics</Filter>
    </ClCompile>
    <ClCompile Include="Source\Graphics\ModelResource.cpp">
      <Filter>Source\Graphics</Filter>
    </ClCompile>
    <ClCompile Include="Source\Graphics\RenderState.cpp">
      <Filter>Source\Graphics</Filter>
    </ClCompile>
    <ClCompile Include="Source\Graphics\Sprite.cpp">
      <Filter>Source\Graphics</Filter>
    </ClCompile>
    <ClCompile Include="Source\Input\GamePad.cpp">
      <Filter>Source\Input</Filter>
    </ClCompile>
    <ClCompile Include="Source\Input\Input.cpp">
      <Filter>Source\Input</Filter>
    </ClCompile>
    <ClCompile Include="Source\Input\Mouse.cpp">
      <Filter>Source\Input</Filter>
    </ClCompile>
    <ClCompile Include="Source\Bottle.cpp">
      <Filter>Source\Cpp</Filter>
    </ClCompile>
    <ClCompile Include="Source\Camera.cpp">
      <Filter>Source\Cpp</Filter>
    </ClCompile>
    <ClCompile Include="Source\CameraController.cpp">
      <Filter>Source\Cpp</Filter>
    </ClCompile>
    <ClCompile Include="Source\Character.cpp">
      <Filter>Source\Cpp</Filter>
    </ClCompile>
    <ClCompile Include="Source\Collision.cpp">
      <Filter>Source\Cpp</Filter>
    </ClCompile>
    <ClCompile Include="Source\CreatureManager.cpp">
      <Filter>Source\Cpp</Filter>
    </ClCompile>
    <ClCompile Include="Source\Dustbox.cpp">
      <Filter>Source\Cpp</Filter>
    </ClCompile>
    <ClCompile Include="Source\Enemycar.cpp">
      <Filter>Source\Cpp</Filter>
    </ClCompile>
    <ClCompile Include="Source\EnemyManager.cpp">
      <Filter>Source\Cpp</Filter>
    </ClCompile>
    <ClCompile Include="Source\EnemyPolice.cpp">
      <Filter>Source\Cpp</Filter>
    </ClCompile>
    <ClCompile Include="Source\Framework.cpp">
      <Filter>Source\Cpp</Filter>
    </ClCompile>
    <ClCompile Include="Source\GameUI.cpp">
      <Filter>Source\Cpp</Filter>
    </ClCompile>
    <ClCompile Include="Source\Item.cpp">
      <Filter>Source\Cpp</Filter>
    </ClCompile>
    <ClCompile Include="Source\ItemManager.cpp">
      <Filter>Source\Cpp</Filter>
    </ClCompile>
    <ClCompile Include="Source\Logger.cpp">
      <Filter>Source\Cpp</Filter>
    </ClCompile>
    <ClCompile Include="Source\Main.cpp">
      <Filter>Source\Cpp</Filter>
    </ClCompile>
    <ClCompile Include="Source\Player.cpp">
      <Filter>Source\Cpp</Filter>
    </ClCompile>
    <ClCompile Include="Source\SceneEnd.cpp">
      <Filter>Source\Cpp</Filter>
    </ClCompile>
    <ClCompile Include="Source\SceneGame.cpp">
      <Filter>Source\Cpp</Filter>
    </ClCompile>
    <ClCompile Include="Source\SceneLoading.cpp">
      <Filter>Source\Cpp</Filter>
    </ClCompile>
    <ClCompile Include="Source\SceneManager.cpp">
      <Filter>Source\Cpp</Filter>
    </ClCompile>
    <ClCompile Include="Source\SceneTitle.cpp">
      <Filter>Source\Cpp</Filter>
    </ClCompile>
    <ClCompile Include="Source\SceneTutorial.cpp">
      <Filter>Source\Cpp</Filter>
    </ClCompile>
    <ClCompile Include="Source\Stage.cpp">
      <Filter>Source\Cpp</Filter>
    </ClCompile>
  </ItemGroup>
  <ItemGroup>
    <ClInclude Include="External\imgui\imgui.h">
      <Filter>Extemal\imgui-docking</Filter>
    </ClInclude>
    <ClInclude Include="External\imgui\imconfig.h">
      <Filter>Extemal\imgui-docking</Filter>
    </ClInclude>
    <ClInclude Include="External\imgui\imgui_internal.h">
      <Filter>Extemal\imgui-docking</Filter>
    </ClInclude>
    <ClInclude Include="External\imgui\imstb_truetype.h">
      <Filter>Extemal\imgui-docking</Filter>
    </ClInclude>
    <ClInclude Include="External\imgui\imstb_rectpack.h">
      <Filter>Extemal\imgui-docking</Filter>
    </ClInclude>
    <ClInclude Include="External\imgui\imstb_textedit.h">
      <Filter>Extemal\imgui-docking</Filter>
    </ClInclude>
    <ClInclude Include="External\DirectXTex\WICTextureLoader.h">
      <Filter>Extemal\DirectXTex</Filter>
    </ClInclude>
    <ClInclude Include="Source\Audio\Audio.h">
      <Filter>Source\Audio</Filter>
    </ClInclude>
    <ClInclude Include="Source\Audio\AudioResource.h">
      <Filter>Source\Audio</Filter>
    </ClInclude>
    <ClInclude Include="Source\Audio\AudioSource.h">
      <Filter>Source\Audio</Filter>
    </ClInclude>
    <ClInclude Include="Source\Graphics\DebugRenderer.h">
      <Filter>Source\Graphics</Filter>
    </ClInclude>
    <ClInclude Include="Source\Graphics\Graphics.h">
      <Filter>Source\Graphics</Filter>
    </ClInclude>
    <ClInclude Include="Source\Graphics\ImGuiRenderer.h">
      <Filter>Source\Graphics</Filter>
    </ClInclude>
    <ClInclude Include="Source\Graphics\LambertShader.h">
      <Filter>Source\Graphics</Filter>
    </ClInclude>
    <ClInclude Include="Source\Graphics\LineRenderer.h">
      <Filter>Source\Graphics</Filter>
    </ClInclude>
    <ClInclude Include="Source\Graphics\Model.h">
      <Filter>Source\Graphics</Filter>
    </ClInclude>
    <ClInclude Include="Source\Graphics\ModelManager.h">
      <Filter>Source\Graphics</Filter>
    </ClInclude>
    <ClInclude Include="Source\Graphics\ModelResource.h">
      <Filter>Source\Graphics</Filter>
    </ClInclude>
    <ClInclude Include="Source\Graphics\RenderContext.h">
      <Filter>Source\Graphics</Filter>
    </ClInclude>
    <ClInclude Include="Source\Graphics\RenderState.h">
      <Filter>Source\Graphics</Filter>
    </ClInclude>
    <ClInclude Include="Source\Graphics\Shader.h">
      <Filter>Source\Graphics</Filter>
    </ClInclude>
    <ClInclude Include="Source\Graphics\Sprite.h">
      <Filter>Source\Graphics</Filter>
    </ClInclude>
    <ClInclude Include="Source\Input\GamePad.h">
      <Filter>Source\Input</Filter>
    </ClInclude>
    <ClInclude Include="Source\Input\Input.h">
      <Filter>Source\Input</Filter>
    </ClInclude>
    <ClInclude Include="Source\Input\Mouse.h">
      <Filter>Source\Input</Filter>
    </ClInclude>
    <ClInclude Include="Source\Bottle.h">
      <Filter>Source\header</Filter>
    </ClInclude>
    <ClInclude Include="Source\Camera.h">
      <Filter>Source\header</Filter>
    </ClInclude>
    <ClInclude Include="Source\CameraController.h">
      <Filter>Source\header</Filter>
    </ClInclude>
    <ClInclude Include="Source\Character.h">
      <Filter>Source\header</Filter>
    </ClInclude>
    <ClInclude Include="Source\Collision.h">
      <Filter>Source\header</Filter>
    </ClInclude>
    <ClInclude Include="Source\Creature.h">
      <Filter>Source\header</Filter>
    </ClInclude>
    <ClInclude Include="Source\CreatureManager.h">
      <Filter>Source\header</Filter>
    </ClInclude>
    <ClInclude Include="Source\Dustbox.h">
      <Filter>Source\header</Filter>
    </ClInclude>
    <ClInclude Include="Source\Enemy.h">
      <Filter>Source\header</Filter>
    </ClInclude>
    <ClInclude Include="Source\Enemycar.h">
      <Filter>Source\header</Filter>
    </ClInclude>
    <ClInclude Include="Source\EnemyManager.h">
      <Filter>Source\header</Filter>
    </ClInclude>
    <ClInclude Include="Source\EnemyPolice.h">
      <Filter>Source\header</Filter>
    </ClInclude>
    <ClInclude Include="Source\Framework.h">
      <Filter>Source\header</Filter>
    </ClInclude>
    <ClInclude Include="Source\GameUI.h">
      <Filter>Source\header</Filter>
    </ClInclude>
    <ClInclude Include="Source\HighResolutionTimer.h">
      <Filter>Source\header</Filter>
    </ClInclude>
    <ClInclude Include="Source\Item.h">
      <Filter>Source\header</Filter>
    </ClInclude>
    <ClInclude Include="Source\ItemManager.h">
      <Filter>Source\header</Filter>
    </ClInclude>
    <ClInclude Include="Source\Logger.h">
      <Filter>Source\header</Filter>
    </ClInclude>
    <ClInclude Include="Source\Misc.h">
      <Filter>Source\header</Filter>
    </ClInclude>
    <ClInclude Include="Source\Player.h">
      <Filter>Source\header</Filter>
    </ClInclude>
    <ClInclude Include="Source\Scene.h">
      <Filter>Source\header</Filter>
    </ClInclude>
    <ClInclude Include="Source\SceneEnd.h">
      <Filter>Source\header</Filter>
    </ClInclude>
    <ClInclude Include="Source\SceneGame.h">
      <Filter>Source\header</Filter>
    </ClInclude>
    <ClInclude Include="Source\SceneLoading.h">
      <Filter>Source\header</Filter>
    </ClInclude>
    <ClInclude Include="Source\SceneManager.h">
      <Filter>Source\header</Filter>
    </ClInclude>
    <ClInclude Include="Source\SceneTitle.h">
      <Filter>Source\header</Filter>
    </ClInclude>
    <ClInclude Include="Source\SceneTutorial.h">
      <Filter>Source\header</Filter>
    </ClInclude>
    <ClInclude Include="Source\Stage.h">
      <Filter>Source\header</Filter>
    </ClInclude>
  </ItemGroup>
  <ItemGroup>
    <None Include="HLSL\Debug.hlsli">
      <Filter>HLSL</Filter>
    </None>
    <None Include="HLSL\ImGui.hlsli">
      <Filter>HLSL</Filter>
    </None>
    <None Include="HLSL\Lambert.hlsli">
      <Filter>HLSL</Filter>
    </None>
    <None Include="HLSL\Line.hlsli">
      <Filter>HLSL</Filter>
    </None>
    <None Include="HLSL\Sprite.hlsli">
      <Filter>HLSL</Filter>
    </None>
  </ItemGroup>
  <ItemGroup>
    <Filter Include="Extemal">
      <UniqueIdentifier>{747cbd06-5ab2-4da6-8ee5-293b27a99d85}</UniqueIdentifier>
    </Filter>
    <Filter Include="Extemal\imgui-docking">
      <UniqueIdentifier>{c754d18c-99b8-4ee1-8482-d41e49a7b1a6}</UniqueIdentifier>
    </Filter>
    <Filter Include="Extemal\DirectXTex">
      <UniqueIdentifier>{49cdc4cb-0fe1-4a1b-a894-a24f922209b5}</UniqueIdentifier>
    </Filter>
    <Filter Include="HLSL">
      <UniqueIdentifier>{026ef06a-ad25-4389-91e6-26b08a58f165}</UniqueIdentifier>
    </Filter>
    <Filter Include="Source">
      <UniqueIdentifier>{3c134184-f49c-4de6-8243-d43012de9896}</UniqueIdentifier>
    </Filter>
    <Filter Include="Source\Audio">
      <UniqueIdentifier>{f864db8e-50da-465f-bb2a-2dc106798e56}</UniqueIdentifier>
    </Filter>
    <Filter Include="Source\Graphics">
      <UniqueIdentifier>{3d90d16e-8298-4fc4-ac8a-cddb95787a5e}</UniqueIdentifier>
    </Filter>
    <Filter Include="Source\Input">
      <UniqueIdentifier>{07ff70ec-c5a8-4a30-b11d-86d9604a2387}</UniqueIdentifier>
    </Filter>
    <Filter Include="Source\header">
      <UniqueIdentifier>{cd130281-c506-4c8f-855f-34b586a7e1c1}</UniqueIdentifier>
    </Filter>
    <Filter Include="Source\Cpp">
      <UniqueIdentifier>{9ca34d60-8670-4c82-b657-89e6e0c46c5f}</UniqueIdentifier>
    </Filter>
  </ItemGroup>
</Project>